
Microsoft Visual Studio Solution File, Format Version 12.00
# Visual Studio Version 16
VisualStudioVersion = 16.0.29709.97
MinimumVisualStudioVersion = 10.0.40219.1
Project("{9A19103F-16F7-4668-BE54-9A1E7A4F7556}") = "Lab_1", "Lab_1\Lab_1.csproj", "{2A4CB33C-CA54-4A9B-A64F-C955103E73FF}"
EndProject
Project("{9A19103F-16F7-4668-BE54-9A1E7A4F7556}") = "Lab_2", "Lab_2\Lab_2.csproj", "{688810FB-506E-45F2-901E-B0F11E993868}"
EndProject
Project("{9A19103F-16F7-4668-BE54-9A1E7A4F7556}") = "Lab_3_3", "Lab_3_3\Lab_3_3.csproj", "{AD35D6AD-62A4-4069-A588-E699F4892DC6}"
EndProject
Project("{9A19103F-16F7-4668-BE54-9A1E7A4F7556}") = "Lab_3_1", "Lab_3_1\Lab_3_1.csproj", "{AFF8FD4F-80E9-4E23-943D-0A082B9935E1}"
EndProject
Project("{9A19103F-16F7-4668-BE54-9A1E7A4F7556}") = "Lab_Matrix", "Lab_Matrix\Lab_Matrix.csproj", "{DD164535-7B39-4DF1-A436-61EA734D857C}"
EndProject
Project("{9A19103F-16F7-4668-BE54-9A1E7A4F7556}") = "Ex1_1", "Ex1_1\Ex1_1.csproj", "{A2F831B8-DEF8-4212-B55E-7A6AE4735DCB}"
EndProject
Project("{9A19103F-16F7-4668-BE54-9A1E7A4F7556}") = "Ex1_2", "Ex1_2\Ex1_2.csproj", "{4C2D96F2-F7FF-427A-AE02-9C1429EFC6E3}"
EndProject
Project("{9A19103F-16F7-4668-BE54-9A1E7A4F7556}") = "Lab_Strings", "Lab_Strings\Lab_Strings.csproj", "{35B9E7C0-BB2D-4561-A309-81C226FA59D3}"
EndProject
Project("{9A19103F-16F7-4668-BE54-9A1E7A4F7556}") = "Lab_3_2", "Lab_3_2\Lab_3_2.csproj", "{C6CE47C0-4D98-4FEC-889D-53F36E49FB1F}"
EndProject
Project("{9A19103F-16F7-4668-BE54-9A1E7A4F7556}") = "Lab_Geometry_Figure", "Lab_Geometry_Figure\Lab_Geometry_Figure.csproj", "{BE8E4311-3532-4B17-B1D1-7543F8799886}"
EndProject
Global
	GlobalSection(SolutionConfigurationPlatforms) = preSolution
		Debug|Any CPU = Debug|Any CPU
		Release|Any CPU = Release|Any CPU
	EndGlobalSection
	GlobalSection(ProjectConfigurationPlatforms) = postSolution
		{2A4CB33C-CA54-4A9B-A64F-C955103E73FF}.Debug|Any CPU.ActiveCfg = Debug|Any CPU
		{2A4CB33C-CA54-4A9B-A64F-C955103E73FF}.Debug|Any CPU.Build.0 = Debug|Any CPU
		{2A4CB33C-CA54-4A9B-A64F-C955103E73FF}.Release|Any CPU.ActiveCfg = Release|Any CPU
		{2A4CB33C-CA54-4A9B-A64F-C955103E73FF}.Release|Any CPU.Build.0 = Release|Any CPU
		{688810FB-506E-45F2-901E-B0F11E993868}.Debug|Any CPU.ActiveCfg = Debug|Any CPU
		{688810FB-506E-45F2-901E-B0F11E993868}.Debug|Any CPU.Build.0 = Debug|Any CPU
		{688810FB-506E-45F2-901E-B0F11E993868}.Release|Any CPU.ActiveCfg = Release|Any CPU
		{688810FB-506E-45F2-901E-B0F11E993868}.Release|Any CPU.Build.0 = Release|Any CPU
		{AD35D6AD-62A4-4069-A588-E699F4892DC6}.Debug|Any CPU.ActiveCfg = Debug|Any CPU
		{AD35D6AD-62A4-4069-A588-E699F4892DC6}.Debug|Any CPU.Build.0 = Debug|Any CPU
		{AD35D6AD-62A4-4069-A588-E699F4892DC6}.Release|Any CPU.ActiveCfg = Release|Any CPU
		{AD35D6AD-62A4-4069-A588-E699F4892DC6}.Release|Any CPU.Build.0 = Release|Any CPU
		{AFF8FD4F-80E9-4E23-943D-0A082B9935E1}.Debug|Any CPU.ActiveCfg = Debug|Any CPU
		{AFF8FD4F-80E9-4E23-943D-0A082B9935E1}.Debug|Any CPU.Build.0 = Debug|Any CPU
		{AFF8FD4F-80E9-4E23-943D-0A082B9935E1}.Release|Any CPU.ActiveCfg = Release|Any CPU
		{AFF8FD4F-80E9-4E23-943D-0A082B9935E1}.Release|Any CPU.Build.0 = Release|Any CPU
		{DD164535-7B39-4DF1-A436-61EA734D857C}.Debug|Any CPU.ActiveCfg = Debug|Any CPU
		{DD164535-7B39-4DF1-A436-61EA734D857C}.Debug|Any CPU.Build.0 = Debug|Any CPU
		{DD164535-7B39-4DF1-A436-61EA734D857C}.Release|Any CPU.ActiveCfg = Release|Any CPU
		{DD164535-7B39-4DF1-A436-61EA734D857C}.Release|Any CPU.Build.0 = Release|Any CPU
		{A2F831B8-DEF8-4212-B55E-7A6AE4735DCB}.Debug|Any CPU.ActiveCfg = Debug|Any CPU
		{A2F831B8-DEF8-4212-B55E-7A6AE4735DCB}.Debug|Any CPU.Build.0 = Debug|Any CPU
		{A2F831B8-DEF8-4212-B55E-7A6AE4735DCB}.Release|Any CPU.ActiveCfg = Release|Any CPU
		{A2F831B8-DEF8-4212-B55E-7A6AE4735DCB}.Release|Any CPU.Build.0 = Release|Any CPU
		{4C2D96F2-F7FF-427A-AE02-9C1429EFC6E3}.Debug|Any CPU.ActiveCfg = Debug|Any CPU
		{4C2D96F2-F7FF-427A-AE02-9C1429EFC6E3}.Debug|Any CPU.Build.0 = Debug|Any CPU
		{4C2D96F2-F7FF-427A-AE02-9C1429EFC6E3}.Release|Any CPU.ActiveCfg = Release|Any CPU
		{4C2D96F2-F7FF-427A-AE02-9C1429EFC6E3}.Release|Any CPU.Build.0 = Release|Any CPU
		{35B9E7C0-BB2D-4561-A309-81C226FA59D3}.Debug|Any CPU.ActiveCfg = Debug|Any CPU
		{35B9E7C0-BB2D-4561-A309-81C226FA59D3}.Debug|Any CPU.Build.0 = Debug|Any CPU
		{35B9E7C0-BB2D-4561-A309-81C226FA59D3}.Release|Any CPU.ActiveCfg = Release|Any CPU
		{35B9E7C0-BB2D-4561-A309-81C226FA59D3}.Release|Any CPU.Build.0 = Release|Any CPU
		{C6CE47C0-4D98-4FEC-889D-53F36E49FB1F}.Debug|Any CPU.ActiveCfg = Debug|Any CPU
		{C6CE47C0-4D98-4FEC-889D-53F36E49FB1F}.Debug|Any CPU.Build.0 = Debug|Any CPU
		{C6CE47C0-4D98-4FEC-889D-53F36E49FB1F}.Release|Any CPU.ActiveCfg = Release|Any CPU
		{C6CE47C0-4D98-4FEC-889D-53F36E49FB1F}.Release|Any CPU.Build.0 = Release|Any CPU
		{BE8E4311-3532-4B17-B1D1-7543F8799886}.Debug|Any CPU.ActiveCfg = Debug|Any CPU
		{BE8E4311-3532-4B17-B1D1-7543F8799886}.Debug|Any CPU.Build.0 = Debug|Any CPU
		{BE8E4311-3532-4B17-B1D1-7543F8799886}.Release|Any CPU.ActiveCfg = Release|Any CPU
		{BE8E4311-3532-4B17-B1D1-7543F8799886}.Release|Any CPU.Build.0 = Release|Any CPU
	EndGlobalSection
	GlobalSection(SolutionProperties) = preSolution
		HideSolutionNode = FALSE
	EndGlobalSection
	GlobalSection(ExtensibilityGlobals) = postSolution
		SolutionGuid = {6F09332B-9941-4F1D-9DB7-0036F5657371}
	EndGlobalSection
EndGlobal
